
Microsoft Visual Studio Solution File, Format Version 12.00
# Visual Studio Version 16
VisualStudioVersion = 16.0.30611.23
MinimumVisualStudioVersion = 10.0.40219.1
Project("{FAE04EC0-301F-11D3-BF4B-00C04F79EFBC}") = "HarborSimulationExaminationWPF", "HarborSimulationExaminationWPF\HarborSimulationExaminationWPF.csproj", "{589B0439-3D54-452A-AA0D-5E3F85060BED}"
EndProject
Global
	GlobalSection(SolutionConfigurationPlatforms) = preSolution
		Debug|Any CPU = Debug|Any CPU
		Release|Any CPU = Release|Any CPU
	EndGlobalSection
	GlobalSection(ProjectConfigurationPlatforms) = postSolution
		{589B0439-3D54-452A-AA0D-5E3F85060BED}.Debug|Any CPU.ActiveCfg = Debug|Any CPU
		{589B0439-3D54-452A-AA0D-5E3F85060BED}.Debug|Any CPU.Build.0 = Debug|Any CPU
		{589B0439-3D54-452A-AA0D-5E3F85060BED}.Release|Any CPU.ActiveCfg = Release|Any CPU
		{589B0439-3D54-452A-AA0D-5E3F85060BED}.Release|Any CPU.Build.0 = Release|Any CPU
	EndGlobalSection
	GlobalSection(SolutionProperties) = preSolution
		HideSolutionNode = FALSE
	EndGlobalSection
	GlobalSection(ExtensibilityGlobals) = postSolution
		SolutionGuid = {03A463E7-FEE1-42B7-8503-065E9AC6473D}
	EndGlobalSection
EndGlobal
